
Microsoft Visual Studio Solution File, Format Version 12.00
# Visual Studio Version 17
VisualStudioVersion = 17.4.33205.214
MinimumVisualStudioVersion = 10.0.40219.1
Project("{9A19103F-16F7-4668-BE54-9A1E7A4F7556}") = "DirectTaskElectricalExplorationSolver", "DirectTaskElectricalExplorationSolver.csproj", "{3031F512-B8BF-4B6D-8E56-EFF508B3F17D}"
EndProject
Project("{9A19103F-16F7-4668-BE54-9A1E7A4F7556}") = "Core", "..\Core\Core.csproj", "{AF84FCAA-7981-4C56-AE78-E1CC0E620643}"
EndProject
Project("{9A19103F-16F7-4668-BE54-9A1E7A4F7556}") = "Model", "..\Model\Model.csproj", "{0AE5D702-0FF5-4D6D-977B-8A87BC424039}"
EndProject
Global
	GlobalSection(SolutionConfigurationPlatforms) = preSolution
		Debug|Any CPU = Debug|Any CPU
		Release|Any CPU = Release|Any CPU
	EndGlobalSection
	GlobalSection(ProjectConfigurationPlatforms) = postSolution
		{3031F512-B8BF-4B6D-8E56-EFF508B3F17D}.Debug|Any CPU.ActiveCfg = Debug|Any CPU
		{3031F512-B8BF-4B6D-8E56-EFF508B3F17D}.Debug|Any CPU.Build.0 = Debug|Any CPU
		{3031F512-B8BF-4B6D-8E56-EFF508B3F17D}.Release|Any CPU.ActiveCfg = Release|Any CPU
		{3031F512-B8BF-4B6D-8E56-EFF508B3F17D}.Release|Any CPU.Build.0 = Release|Any CPU
		{AF84FCAA-7981-4C56-AE78-E1CC0E620643}.Debug|Any CPU.ActiveCfg = Debug|Any CPU
		{AF84FCAA-7981-4C56-AE78-E1CC0E620643}.Debug|Any CPU.Build.0 = Debug|Any CPU
		{AF84FCAA-7981-4C56-AE78-E1CC0E620643}.Release|Any CPU.ActiveCfg = Release|Any CPU
		{AF84FCAA-7981-4C56-AE78-E1CC0E620643}.Release|Any CPU.Build.0 = Release|Any CPU
		{0AE5D702-0FF5-4D6D-977B-8A87BC424039}.Debug|Any CPU.ActiveCfg = Debug|Any CPU
		{0AE5D702-0FF5-4D6D-977B-8A87BC424039}.Debug|Any CPU.Build.0 = Debug|Any CPU
		{0AE5D702-0FF5-4D6D-977B-8A87BC424039}.Release|Any CPU.ActiveCfg = Release|Any CPU
		{0AE5D702-0FF5-4D6D-977B-8A87BC424039}.Release|Any CPU.Build.0 = Release|Any CPU
	EndGlobalSection
	GlobalSection(SolutionProperties) = preSolution
		HideSolutionNode = FALSE
	EndGlobalSection
	GlobalSection(ExtensibilityGlobals) = postSolution
		SolutionGuid = {A774D183-4E32-4529-8942-BA8316E077B1}
	EndGlobalSection
EndGlobal
